
Microsoft Visual Studio Solution File, Format Version 12.00
# Visual Studio Version 17
VisualStudioVersion = 17.7.34009.444
MinimumVisualStudioVersion = 10.0.40219.1
Project("{8BC9CEB8-8B4A-11D0-8D11-00A0C91BC942}") = "problem 27", "problem 27.vcxproj", "{7828CEFF-7583-4B6E-86DA-75342D6A7732}"
EndProject
Global
	GlobalSection(SolutionConfigurationPlatforms) = preSolution
		Debug|x64 = Debug|x64
		Debug|x86 = Debug|x86
		Release|x64 = Release|x64
		Release|x86 = Release|x86
	EndGlobalSection
	GlobalSection(ProjectConfigurationPlatforms) = postSolution
		{7828CEFF-7583-4B6E-86DA-75342D6A7732}.Debug|x64.ActiveCfg = Debug|x64
		{7828CEFF-7583-4B6E-86DA-75342D6A7732}.Debug|x64.Build.0 = Debug|x64
		{7828CEFF-7583-4B6E-86DA-75342D6A7732}.Debug|x86.ActiveCfg = Debug|Win32
		{7828CEFF-7583-4B6E-86DA-75342D6A7732}.Debug|x86.Build.0 = Debug|Win32
		{7828CEFF-7583-4B6E-86DA-75342D6A7732}.Release|x64.ActiveCfg = Release|x64
		{7828CEFF-7583-4B6E-86DA-75342D6A7732}.Release|x64.Build.0 = Release|x64
		{7828CEFF-7583-4B6E-86DA-75342D6A7732}.Release|x86.ActiveCfg = Release|Win32
		{7828CEFF-7583-4B6E-86DA-75342D6A7732}.Release|x86.Build.0 = Release|Win32
	EndGlobalSection
	GlobalSection(SolutionProperties) = preSolution
		HideSolutionNode = FALSE
	EndGlobalSection
	GlobalSection(ExtensibilityGlobals) = postSolution
		SolutionGuid = {715C062E-B1FC-433C-9F93-63FC81CA3180}
	EndGlobalSection
EndGlobal
