
Microsoft Visual Studio Solution File, Format Version 12.00
# Visual Studio Version 17
VisualStudioVersion = 17.7.34009.444
MinimumVisualStudioVersion = 10.0.40219.1
Project("{8BC9CEB8-8B4A-11D0-8D11-00A0C91BC942}") = "problem 36", "problem 36.vcxproj", "{40844462-7673-46A8-872B-68F1E84158B1}"
EndProject
Global
	GlobalSection(SolutionConfigurationPlatforms) = preSolution
		Debug|x64 = Debug|x64
		Debug|x86 = Debug|x86
		Release|x64 = Release|x64
		Release|x86 = Release|x86
	EndGlobalSection
	GlobalSection(ProjectConfigurationPlatforms) = postSolution
		{40844462-7673-46A8-872B-68F1E84158B1}.Debug|x64.ActiveCfg = Debug|x64
		{40844462-7673-46A8-872B-68F1E84158B1}.Debug|x64.Build.0 = Debug|x64
		{40844462-7673-46A8-872B-68F1E84158B1}.Debug|x86.ActiveCfg = Debug|Win32
		{40844462-7673-46A8-872B-68F1E84158B1}.Debug|x86.Build.0 = Debug|Win32
		{40844462-7673-46A8-872B-68F1E84158B1}.Release|x64.ActiveCfg = Release|x64
		{40844462-7673-46A8-872B-68F1E84158B1}.Release|x64.Build.0 = Release|x64
		{40844462-7673-46A8-872B-68F1E84158B1}.Release|x86.ActiveCfg = Release|Win32
		{40844462-7673-46A8-872B-68F1E84158B1}.Release|x86.Build.0 = Release|Win32
	EndGlobalSection
	GlobalSection(SolutionProperties) = preSolution
		HideSolutionNode = FALSE
	EndGlobalSection
	GlobalSection(ExtensibilityGlobals) = postSolution
		SolutionGuid = {58354791-0021-42AC-99CC-027D2D1B9220}
	EndGlobalSection
EndGlobal
