
Microsoft Visual Studio Solution File, Format Version 12.00
# Visual Studio Version 17
VisualStudioVersion = 17.7.34009.444
MinimumVisualStudioVersion = 10.0.40219.1
Project("{8BC9CEB8-8B4A-11D0-8D11-00A0C91BC942}") = "problem 33", "problem 33.vcxproj", "{EE725F26-D5E7-40EE-917F-216C65077DB1}"
EndProject
Global
	GlobalSection(SolutionConfigurationPlatforms) = preSolution
		Debug|x64 = Debug|x64
		Debug|x86 = Debug|x86
		Release|x64 = Release|x64
		Release|x86 = Release|x86
	EndGlobalSection
	GlobalSection(ProjectConfigurationPlatforms) = postSolution
		{EE725F26-D5E7-40EE-917F-216C65077DB1}.Debug|x64.ActiveCfg = Debug|x64
		{EE725F26-D5E7-40EE-917F-216C65077DB1}.Debug|x64.Build.0 = Debug|x64
		{EE725F26-D5E7-40EE-917F-216C65077DB1}.Debug|x86.ActiveCfg = Debug|Win32
		{EE725F26-D5E7-40EE-917F-216C65077DB1}.Debug|x86.Build.0 = Debug|Win32
		{EE725F26-D5E7-40EE-917F-216C65077DB1}.Release|x64.ActiveCfg = Release|x64
		{EE725F26-D5E7-40EE-917F-216C65077DB1}.Release|x64.Build.0 = Release|x64
		{EE725F26-D5E7-40EE-917F-216C65077DB1}.Release|x86.ActiveCfg = Release|Win32
		{EE725F26-D5E7-40EE-917F-216C65077DB1}.Release|x86.Build.0 = Release|Win32
	EndGlobalSection
	GlobalSection(SolutionProperties) = preSolution
		HideSolutionNode = FALSE
	EndGlobalSection
	GlobalSection(ExtensibilityGlobals) = postSolution
		SolutionGuid = {C08C9DE3-C91C-4E91-8AE0-A2F1B43D177F}
	EndGlobalSection
EndGlobal
